
Microsoft Visual Studio Solution File, Format Version 12.00
# Visual Studio Version 17
VisualStudioVersion = 17.5.33502.453
MinimumVisualStudioVersion = 10.0.40219.1
Project("{FAE04EC0-301F-11D3-BF4B-00C04F79EFBC}") = "p11ChatApp", "p11ChatApp\p11ChatApp.csproj", "{F989D266-CF3D-4FAD-AF5F-5CFAEE014564}"
EndProject
Global
	GlobalSection(SolutionConfigurationPlatforms) = preSolution
		Debug|Any CPU = Debug|Any CPU
		Release|Any CPU = Release|Any CPU
	EndGlobalSection
	GlobalSection(ProjectConfigurationPlatforms) = postSolution
		{F989D266-CF3D-4FAD-AF5F-5CFAEE014564}.Debug|Any CPU.ActiveCfg = Debug|Any CPU
		{F989D266-CF3D-4FAD-AF5F-5CFAEE014564}.Debug|Any CPU.Build.0 = Debug|Any CPU
		{F989D266-CF3D-4FAD-AF5F-5CFAEE014564}.Release|Any CPU.ActiveCfg = Release|Any CPU
		{F989D266-CF3D-4FAD-AF5F-5CFAEE014564}.Release|Any CPU.Build.0 = Release|Any CPU
	EndGlobalSection
	GlobalSection(SolutionProperties) = preSolution
		HideSolutionNode = FALSE
	EndGlobalSection
	GlobalSection(ExtensibilityGlobals) = postSolution
		SolutionGuid = {E79E6A2E-2B5D-4FA8-95EF-A55DBE2DA727}
	EndGlobalSection
EndGlobal
